// !$*UTF8*$!
{
	archiveVersion = 1;
	classes = {
	};
	objectVersion = 46;
	objects = {

/* Begin PBXBuildFile section */
		D7BA0B251D461621006FFC8A /* AppDelegate.swift in Sources */ = {isa = PBXBuildFile; fileRef = D7BA0B241D461621006FFC8A /* AppDelegate.swift */; };
		D7BA0B271D461621006FFC8A /* ViewController.swift in Sources */ = {isa = PBXBuildFile; fileRef = D7BA0B261D461621006FFC8A /* ViewController.swift */; };
		D7BA0B2A1D461621006FFC8A /* Main.storyboard in Resources */ = {isa = PBXBuildFile; fileRef = D7BA0B281D461621006FFC8A /* Main.storyboard */; };
		D7BA0B2C1D461621006FFC8A /* Assets.xcassets in Resources */ = {isa = PBXBuildFile; fileRef = D7BA0B2B1D461621006FFC8A /* Assets.xcassets */; };
		D7BA0B2F1D461621006FFC8A /* LaunchScreen.storyboard in Resources */ = {isa = PBXBuildFile; fileRef = D7BA0B2D1D461621006FFC8A /* LaunchScreen.storyboard */; };
/* End PBXBuildFile section */

/* Begin PBXFileReference section */
		D7BA0B211D461621006FFC8A /* matrixSaver.app */ = {isa = PBXFileReference; explicitFileType = wrapper.application; includeInIndex = 0; path = matrixSaver.app; sourceTree = BUILT_PRODUCTS_DIR; };
		D7BA0B241D461621006FFC8A /* AppDelegate.swift */ = {isa = PBXFileReference; lastKnownFileType = sourcecode.swift; path = AppDelegate.swift; sourceTree = "<group>"; };
		D7BA0B261D461621006FFC8A /* ViewController.swift */ = {isa = PBXFileReference; lastKnownFileType = sourcecode.swift; path = ViewController.swift; sourceTree = "<group>"; };
		D7BA0B291D461621006FFC8A /* Base */ = {isa = PBXFileReference; lastKnownFileType = file.storyboard; name = Base; path = Base.lproj/Main.storyboard; sourceTree = "<group>"; };
		D7BA0B2B1D461621006FFC8A /* Assets.xcassets */ = {isa = PBXFileReference; lastKnownFileType = folder.assetcatalog; path = Assets.xcassets; sourceTree = "<group>"; };
		D7BA0B2E1D461621006FFC8A /* Base */ = {isa = PBXFileReference; lastKnownFileType = file.storyboard; name = Base; path = Base.lproj/LaunchScreen.storyboard; sourceTree = "<group>"; };
		D7BA0B301D461621006FFC8A /* Info.plist */ = {isa = PBXFileReference; lastKnownFileType = text.plist.xml; path = Info.plist; sourceTree = "<group>"; };
/* End PBXFileReference section */

/* Begin PBXFrameworksBuildPhase section */
		D7BA0B1E1D461621006FFC8A /* Frameworks */ = {
			isa = PBXFrameworksBuildPhase;
			buildActionMask = 2147483647;
			files = (
			);
			runOnlyForDeploymentPostprocessing = 0;
		};
/* End PBXFrameworksBuildPhase section */

/* Begin PBXGroup section */
		D7BA0B181D461621006FFC8A = {
			isa = PBXGroup;
			children = (
				D7BA0B231D461621006FFC8A /* matrixSaver */,
				D7BA0B221D461621006FFC8A /* Products */,
			);
			sourceTree = "<group>";
		};
		D7BA0B221D461621006FFC8A /* Products */ = {
			isa = PBXGroup;
			children = (
				D7BA0B211D461621006FFC8A /* matrixSaver.app */,
			);
			name = Products;
			sourceTree = "<group>";
		};
		D7BA0B231D461621006FFC8A /* matrixSaver */ = {
			isa = PBXGroup;
			children = (
				D7BA0B241D461621006FFC8A /* AppDelegate.swift */,
				D7BA0B261D461621006FFC8A /* ViewController.swift */,
				D7BA0B281D461621006FFC8A /* Main.storyboard */,
				D7BA0B2B1D461621006FFC8A /* Assets.xcassets */,
				D7BA0B2D1D461621006FFC8A /* LaunchScreen.storyboard */,
				D7BA0B301D461621006FFC8A /* Info.plist */,
			);
			path = matrixSaver;
			sourceTree = "<group>";
		};
/* End PBXGroup section */

/* Begin PBXNativeTarget section */
		D7BA0B201D461621006FFC8A /* matrixSaver */ = {
			isa = PBXNativeTarget;
			buildConfigurationList = D7BA0B331D461621006FFC8A /* Build configuration list for PBXNativeTarget "matrixSaver" */;
			buildPhases = (
				D7BA0B1D1D461621006FFC8A /* Sources */,
				D7BA0B1E1D461621006FFC8A /* Frameworks */,
				D7BA0B1F1D461621006FFC8A /* Resources */,
			);
			buildRules = (
			);
			dependencies = (
			);
			name = matrixSaver;
			productName = matrixSaver;
			productReference = D7BA0B211D461621006FFC8A /* matrixSaver.app */;
			productType = "com.apple.product-type.application";
		};
/* End PBXNativeTarget section */

/* Begin PBXProject section */
		D7BA0B191D461621006FFC8A /* Project object */ = {
			isa = PBXProject;
			attributes = {
				LastSwiftUpdateCheck = 0730;
				LastUpgradeCheck = 0730;
				ORGANIZATIONNAME = cvv;
				TargetAttributes = {
					D7BA0B201D461621006FFC8A = {
						CreatedOnToolsVersion = 7.3.1;
					};
				};
			};
			buildConfigurationList = D7BA0B1C1D461621006FFC8A /* Build configuration list for PBXProject "matrixSaver" */;
			compatibilityVersion = "Xcode 3.2";
			developmentRegion = English;
			hasScannedForEncodings = 0;
			knownRegions = (
				en,
				Base,
			);
			mainGroup = D7BA0B181D461621006FFC8A;
			productRefGroup = D7BA0B221D461621006FFC8A /* Products */;
			projectDirPath = "";
			projectRoot = "";
			targets = (
				D7BA0B201D461621006FFC8A /* matrixSaver */,
			);
		};
/* End PBXProject section */

/* Begin PBXResourcesBuildPhase section */
		D7BA0B1F1D461621006FFC8A /* Resources */ = {
			isa = PBXResourcesBuildPhase;
			buildActionMask = 2147483647;
			files = (
				D7BA0B2F1D461621006FFC8A /* LaunchScreen.storyboard in Resources */,
				D7BA0B2C1D461621006FFC8A /* Assets.xcassets in Resources */,
				D7BA0B2A1D461621006FFC8A /* Main.storyboard in Resources */,
			);
			runOnlyForDeploymentPostprocessing = 0;
		};
/* End PBXResourcesBuildPhase section */

/* Begin PBXSourcesBuildPhase section */
		D7BA0B1D1D461621006FFC8A /* Sources */ = {
			isa = PBXSourcesBuildPhase;
			buildActionMask = 2147483647;
			files = (
				D7BA0B271D461621006FFC8A /* ViewController.swift in Sources */,
				D7BA0B251D461621006FFC8A /* AppDelegate.swift in Sources */,
			);
			runOnlyForDeploymentPostprocessing = 0;
		};
/* End PBXSourcesBuildPhase section */

/* Begin PBXVariantGroup section */
		D7BA0B281D461621006FFC8A /* Main.storyboard */ = {
			isa = PBXVariantGroup;
			children = (
				D7BA0B291D461621006FFC8A /* Base */,
			);
			name = Main.storyboard;
			sourceTree = "<group>";
		};
		D7BA0B2D1D461621006FFC8A /* LaunchScreen.storyboard */ = {
			isa = PBXVariantGroup;
			children = (
				D7BA0B2E1D461621006FFC8A /* Base */,
			);
			name = LaunchScreen.storyboard;
			sourceTree = "<group>";
		};
/* End PBXVariantGroup section */

/* Begin XCBuildConfiguration section */
		D7BA0B311D461621006FFC8A /* Debug */ = {
			isa = XCBuildConfiguration;
			buildSettings = {
				ALWAYS_SEARCH_USER_PATHS = NO;
				CLANG_ANALYZER_NONNULL = YES;
				CLANG_CXX_LANGUAGE_STANDARD = "gnu++0x";
				CLANG_CXX_LIBRARY = "libc++";
				CLANG_ENABLE_MODULES = YES;
				CLANG_ENABLE_OBJC_ARC = YES;
				CLANG_WARN_BOOL_CONVERSION = YES;
				CLANG_WARN_CONSTANT_CONVERSION = YES;
				CLANG_WARN_DIRECT_OBJC_ISA_USAGE = YES_ERROR;
				CLANG_WARN_EMPTY_BODY = YES;
				CLANG_WARN_ENUM_CONVERSION = YES;
				CLANG_WARN_INT_CONVERSION = YES;
				CLANG_WARN_OBJC_ROOT_CLASS = YES_ERROR;
				CLANG_WARN_UNREACHABLE_CODE = YES;
				CLANG_WARN__DUPLICATE_METHOD_MATCH = YES;
				"CODE_SIGN_IDENTITY[sdk=iphoneos*]" = "iPhone Developer";
				COPY_PHASE_STRIP = NO;
				DEBUG_INFORMATION_FORMAT = dwarf;
				ENABLE_STRICT_OBJC_MSGSEND = YES;
				ENABLE_TESTABILITY = YES;
				GCC_C_LANGUAGE_STANDARD = gnu99;
				GCC_DYNAMIC_NO_PIC = NO;
				GCC_NO_COMMON_BLOCKS = YES;
				GCC_OPTIMIZATION_LEVEL = 0;
				GCC_PREPROCESSOR_DEFINITIONS = (
					"DEBUG=1",
					"$(inherited)",
				);
				GCC_WARN_64_TO_32_BIT_CONVERSION = YES;
				GCC_WARN_ABOUT_RETURN_TYPE = YES_ERROR;
				GCC_WARN_UNDECLARED_SELECTOR = YES;
				GCC_WARN_UNINITIALIZED_AUTOS = YES_AGGRESSIVE;
				GCC_WARN_UNUSED_FUNCTION = YES;
				GCC_WARN_UNUSED_VARIABLE = YES;
				IPHONEOS_DEPLOYMENT_TARGET = 9.3;
				MTL_ENABLE_DEBUG_INFO = YES;
				ONLY_ACTIVE_ARCH = YES;
				SDKROOT = iphoneos;
				SWIFT_OPTIMIZATION_LEVEL = "-Onone";
				TARGETED_DEVICE_FAMILY = "1,2";
			};
			name = Debug;
		};
		D7BA0B321D461621006FFC8A /* Release */ = {
			isa = XCBuildConfiguration;
			buildSettings = {
				ALWAYS_SEARCH_USER_PATHS = NO;
				CLANG_ANALYZER_NONNULL = YES;
				CLANG_CXX_LANGUAGE_STANDARD = "gnu++0x";
				CLANG_CXX_LIBRARY = "libc++";
				CLANG_ENABLE_MODULES = YES;
				CLANG_ENABLE_OBJC_ARC = YES;
				CLANG_WARN_BOOL_CONVERSION = YES;
				CLANG_WARN_CONSTANT_CONVERSION = YES;
				CLANG_WARN_DIRECT_OBJC_ISA_USAGE = YES_ERROR;
				CLANG_WARN_EMPTY_BODY = YES;
				CLANG_WARN_ENUM_CONVERSION = YES;
				CLANG_WARN_INT_CONVERSION = YES;
				CLANG_WARN_OBJC_ROOT_CLASS = YES_ERROR;
				CLANG_WARN_UNREACHABLE_CODE = YES;
				CLANG_WARN__DUPLICATE_METHOD_MATCH = YES;
				"CODE_SIGN_IDENTITY[sdk=iphoneos*]" = "iPhone Developer";
				COPY_PHASE_STRIP = NO;
				DEBUG_INFORMATION_FORMAT = "dwarf-with-dsym";
				ENABLE_NS_ASSERTIONS = NO;
				ENABLE_STRICT_OBJC_MSGSEND = YES;
				GCC_C_LANGUAGE_STANDARD = gnu99;
				GCC_NO_COMMON_BLOCKS = YES;
				GCC_WARN_64_TO_32_BIT_CONVERSION = YES;
				GCC_WARN_ABOUT_RETURN_TYPE = YES_ERROR;
				GCC_WARN_UNDECLARED_SELECTOR = YES;
				GCC_WARN_UNINITIALIZED_AUTOS = YES_AGGRESSIVE;
				GCC_WARN_UNUSED_FUNCTION = YES;
				GCC_WARN_UNUSED_VARIABLE = YES;
				IPHONEOS_DEPLOYMENT_TARGET = 9.3;
				MTL_ENABLE_DEBUG_INFO = NO;
				SDKROOT = iphoneos;
				TARGETED_DEVICE_FAMILY = "1,2";
				VALIDATE_PRODUCT = YES;
			};
			name = Release;
		};
		D7BA0B341D461621006FFC8A /* Debug */ = {
			isa = XCBuildConfiguration;
			buildSettings = {
				ASSETCATALOG_COMPILER_APPICON_NAME = AppIcon;
				INFOPLIST_FILE = matrixSaver/Info.plist;
				LD_RUNPATH_SEARCH_PATHS = "$(inherited) @executable_path/Frameworks";
				PRODUCT_BUNDLE_IDENTIFIER = cvv.matrixSaver;
				PRODUCT_NAME = "$(TARGET_NAME)";
			};
			name = Debug;
		};
		D7BA0B351D461621006FFC8A /* Release */ = {
			isa = XCBuildConfiguration;
			buildSettings = {
				ASSETCATALOG_COMPILER_APPICON_NAME = AppIcon;
				INFOPLIST_FILE = matrixSaver/Info.plist;
				LD_RUNPATH_SEARCH_PATHS = "$(inherited) @executable_path/Frameworks";
				PRODUCT_BUNDLE_IDENTIFIER = cvv.matrixSaver;
				PRODUCT_NAME = "$(TARGET_NAME)";
			};
			name = Release;
		};
/* End XCBuildConfiguration section */

/* Begin XCConfigurationList section */
		D7BA0B1C1D461621006FFC8A /* Build configuration list for PBXProject "matrixSaver" */ = {
			isa = XCConfigurationList;
			buildConfigurations = (
				D7BA0B311D461621006FFC8A /* Debug */,
				D7BA0B321D461621006FFC8A /* Release */,
			);
			defaultConfigurationIsVisible = 0;
			defaultConfigurationName = Release;
		};
		D7BA0B331D461621006FFC8A /* Build configuration list for PBXNativeTarget "matrixSaver" */ = {
			isa = XCConfigurationList;
			buildConfigurations = (
				D7BA0B341D461621006FFC8A /* Debug */,
				D7BA0B351D461621006FFC8A /* Release */,
			);
			defaultConfigurationIsVisible = 0;
		};
/* End XCConfigurationList section */
	};
	rootObject = D7BA0B191D461621006FFC8A /* Project object */;
}
